
Microsoft Visual Studio Solution File, Format Version 12.00
# Visual Studio Version 17
VisualStudioVersion = 17.9.34728.123
MinimumVisualStudioVersion = 10.0.40219.1
Project("{FAE04EC0-301F-11D3-BF4B-00C04F79EFBC}") = "Ex03.GarageLogic", "Ex03.GarageLogic\Ex03.GarageLogic.csproj", "{39623BA7-7214-4B35-A30F-3E3658AEA2C2}"
EndProject
Project("{FAE04EC0-301F-11D3-BF4B-00C04F79EFBC}") = "Ex03.ConsoleUI", "Ex03.ConsoleUI\Ex03.ConsoleUI.csproj", "{7456B7C5-2D8E-4644-B9F7-5781EB82EB08}"
EndProject
Global
	GlobalSection(SolutionConfigurationPlatforms) = preSolution
		Debug|Any CPU = Debug|Any CPU
		Release|Any CPU = Release|Any CPU
	EndGlobalSection
	GlobalSection(ProjectConfigurationPlatforms) = postSolution
		{39623BA7-7214-4B35-A30F-3E3658AEA2C2}.Debug|Any CPU.ActiveCfg = Debug|Any CPU
		{39623BA7-7214-4B35-A30F-3E3658AEA2C2}.Debug|Any CPU.Build.0 = Debug|Any CPU
		{39623BA7-7214-4B35-A30F-3E3658AEA2C2}.Release|Any CPU.ActiveCfg = Release|Any CPU
		{39623BA7-7214-4B35-A30F-3E3658AEA2C2}.Release|Any CPU.Build.0 = Release|Any CPU
		{7456B7C5-2D8E-4644-B9F7-5781EB82EB08}.Debug|Any CPU.ActiveCfg = Debug|Any CPU
		{7456B7C5-2D8E-4644-B9F7-5781EB82EB08}.Debug|Any CPU.Build.0 = Debug|Any CPU
		{7456B7C5-2D8E-4644-B9F7-5781EB82EB08}.Release|Any CPU.ActiveCfg = Release|Any CPU
		{7456B7C5-2D8E-4644-B9F7-5781EB82EB08}.Release|Any CPU.Build.0 = Release|Any CPU
	EndGlobalSection
	GlobalSection(SolutionProperties) = preSolution
		HideSolutionNode = FALSE
	EndGlobalSection
	GlobalSection(ExtensibilityGlobals) = postSolution
		SolutionGuid = {3ECBB06D-561A-45AA-A266-51B14297EDA2}
	EndGlobalSection
EndGlobal
